// !$*UTF8*$!
{
	archiveVersion = 1;
	classes = {
	};
	objectVersion = 46;
	objects = {

/* Begin PBXBuildFile section */
		C4C7A01C1EF0D8BE0071AE10 /* main.m in Sources */ = {isa = PBXBuildFile; fileRef = C4C7A01B1EF0D8BE0071AE10 /* main.m */; };
		C4C7A01F1EF0D8BE0071AE10 /* AppDelegate.m in Sources */ = {isa = PBXBuildFile; fileRef = C4C7A01E1EF0D8BE0071AE10 /* AppDelegate.m */; };
		C4C7A0221EF0D8BE0071AE10 /* ViewController.m in Sources */ = {isa = PBXBuildFile; fileRef = C4C7A0211EF0D8BE0071AE10 /* ViewController.m */; };
		C4C7A0251EF0D8BE0071AE10 /* Main.storyboard in Resources */ = {isa = PBXBuildFile; fileRef = C4C7A0231EF0D8BE0071AE10 /* Main.storyboard */; };
		C4C7A0271EF0D8BE0071AE10 /* Assets.xcassets in Resources */ = {isa = PBXBuildFile; fileRef = C4C7A0261EF0D8BE0071AE10 /* Assets.xcassets */; };
		C4C7A02A1EF0D8BE0071AE10 /* LaunchScreen.storyboard in Resources */ = {isa = PBXBuildFile; fileRef = C4C7A0281EF0D8BE0071AE10 /* LaunchScreen.storyboard */; };
		C4C7A0351EF0D8BF0071AE10 /* ___CollectionViewLayoutTests.m in Sources */ = {isa = PBXBuildFile; fileRef = C4C7A0341EF0D8BF0071AE10 /* ___CollectionViewLayoutTests.m */; };
		C4C7A0401EF0D8BF0071AE10 /* ___CollectionViewLayoutUITests.m in Sources */ = {isa = PBXBuildFile; fileRef = C4C7A03F1EF0D8BF0071AE10 /* ___CollectionViewLayoutUITests.m */; };
/* End PBXBuildFile section */

/* Begin PBXContainerItemProxy section */
		C4C7A0311EF0D8BF0071AE10 /* PBXContainerItemProxy */ = {
			isa = PBXContainerItemProxy;
			containerPortal = C4C7A00F1EF0D8BE0071AE10 /* Project object */;
			proxyType = 1;
			remoteGlobalIDString = C4C7A0161EF0D8BE0071AE10;
			remoteInfo = "自定义CollectionViewLayout";
		};
		C4C7A03C1EF0D8BF0071AE10 /* PBXContainerItemProxy */ = {
			isa = PBXContainerItemProxy;
			containerPortal = C4C7A00F1EF0D8BE0071AE10 /* Project object */;
			proxyType = 1;
			remoteGlobalIDString = C4C7A0161EF0D8BE0071AE10;
			remoteInfo = "自定义CollectionViewLayout";
		};
/* End PBXContainerItemProxy section */

/* Begin PBXFileReference section */
		C4C7A0171EF0D8BE0071AE10 /* 自定义CollectionViewLayout.app */ = {isa = PBXFileReference; explicitFileType = wrapper.application; includeInIndex = 0; path = "自定义CollectionViewLayout.app"; sourceTree = BUILT_PRODUCTS_DIR; };
		C4C7A01B1EF0D8BE0071AE10 /* main.m */ = {isa = PBXFileReference; lastKnownFileType = sourcecode.c.objc; path = main.m; sourceTree = "<group>"; };
		C4C7A01D1EF0D8BE0071AE10 /* AppDelegate.h */ = {isa = PBXFileReference; lastKnownFileType = sourcecode.c.h; path = AppDelegate.h; sourceTree = "<group>"; };
		C4C7A01E1EF0D8BE0071AE10 /* AppDelegate.m */ = {isa = PBXFileReference; lastKnownFileType = sourcecode.c.objc; path = AppDelegate.m; sourceTree = "<group>"; };
		C4C7A0201EF0D8BE0071AE10 /* ViewController.h */ = {isa = PBXFileReference; lastKnownFileType = sourcecode.c.h; path = ViewController.h; sourceTree = "<group>"; };
		C4C7A0211EF0D8BE0071AE10 /* ViewController.m */ = {isa = PBXFileReference; lastKnownFileType = sourcecode.c.objc; path = ViewController.m; sourceTree = "<group>"; };
		C4C7A0241EF0D8BE0071AE10 /* Base */ = {isa = PBXFileReference; lastKnownFileType = file.storyboard; name = Base; path = Base.lproj/Main.storyboard; sourceTree = "<group>"; };
		C4C7A0261EF0D8BE0071AE10 /* Assets.xcassets */ = {isa = PBXFileReference; lastKnownFileType = folder.assetcatalog; path = Assets.xcassets; sourceTree = "<group>"; };
		C4C7A0291EF0D8BE0071AE10 /* Base */ = {isa = PBXFileReference; lastKnownFileType = file.storyboard; name = Base; path = Base.lproj/LaunchScreen.storyboard; sourceTree = "<group>"; };
		C4C7A02B1EF0D8BE0071AE10 /* Info.plist */ = {isa = PBXFileReference; lastKnownFileType = text.plist.xml; path = Info.plist; sourceTree = "<group>"; };
		C4C7A0301EF0D8BF0071AE10 /* 自定义CollectionViewLayoutTests.xctest */ = {isa = PBXFileReference; explicitFileType = wrapper.cfbundle; includeInIndex = 0; path = "自定义CollectionViewLayoutTests.xctest"; sourceTree = BUILT_PRODUCTS_DIR; };
		C4C7A0341EF0D8BF0071AE10 /* ___CollectionViewLayoutTests.m */ = {isa = PBXFileReference; lastKnownFileType = sourcecode.c.objc; path = "___CollectionViewLayoutTests.m"; sourceTree = "<group>"; };
		C4C7A0361EF0D8BF0071AE10 /* Info.plist */ = {isa = PBXFileReference; lastKnownFileType = text.plist.xml; path = Info.plist; sourceTree = "<group>"; };
		C4C7A03B1EF0D8BF0071AE10 /* 自定义CollectionViewLayoutUITests.xctest */ = {isa = PBXFileReference; explicitFileType = wrapper.cfbundle; includeInIndex = 0; path = "自定义CollectionViewLayoutUITests.xctest"; sourceTree = BUILT_PRODUCTS_DIR; };
		C4C7A03F1EF0D8BF0071AE10 /* ___CollectionViewLayoutUITests.m */ = {isa = PBXFileReference; lastKnownFileType = sourcecode.c.objc; path = "___CollectionViewLayoutUITests.m"; sourceTree = "<group>"; };
		C4C7A0411EF0D8BF0071AE10 /* Info.plist */ = {isa = PBXFileReference; lastKnownFileType = text.plist.xml; path = Info.plist; sourceTree = "<group>"; };
/* End PBXFileReference section */

/* Begin PBXFrameworksBuildPhase section */
		C4C7A0141EF0D8BE0071AE10 /* Frameworks */ = {
			isa = PBXFrameworksBuildPhase;
			buildActionMask = 2147483647;
			files = (
			);
			runOnlyForDeploymentPostprocessing = 0;
		};
		C4C7A02D1EF0D8BF0071AE10 /* Frameworks */ = {
			isa = PBXFrameworksBuildPhase;
			buildActionMask = 2147483647;
			files = (
			);
			runOnlyForDeploymentPostprocessing = 0;
		};
		C4C7A0381EF0D8BF0071AE10 /* Frameworks */ = {
			isa = PBXFrameworksBuildPhase;
			buildActionMask = 2147483647;
			files = (
			);
			runOnlyForDeploymentPostprocessing = 0;
		};
/* End PBXFrameworksBuildPhase section */

/* Begin PBXGroup section */
		C4C7A00E1EF0D8BE0071AE10 = {
			isa = PBXGroup;
			children = (
				C4C7A0191EF0D8BE0071AE10 /* 自定义CollectionViewLayout */,
				C4C7A0331EF0D8BF0071AE10 /* 自定义CollectionViewLayoutTests */,
				C4C7A03E1EF0D8BF0071AE10 /* 自定义CollectionViewLayoutUITests */,
				C4C7A0181EF0D8BE0071AE10 /* Products */,
			);
			sourceTree = "<group>";
		};
		C4C7A0181EF0D8BE0071AE10 /* Products */ = {
			isa = PBXGroup;
			children = (
				C4C7A0171EF0D8BE0071AE10 /* 自定义CollectionViewLayout.app */,
				C4C7A0301EF0D8BF0071AE10 /* 自定义CollectionViewLayoutTests.xctest */,
				C4C7A03B1EF0D8BF0071AE10 /* 自定义CollectionViewLayoutUITests.xctest */,
			);
			name = Products;
			sourceTree = "<group>";
		};
		C4C7A0191EF0D8BE0071AE10 /* 自定义CollectionViewLayout */ = {
			isa = PBXGroup;
			children = (
				C4C7A01D1EF0D8BE0071AE10 /* AppDelegate.h */,
				C4C7A01E1EF0D8BE0071AE10 /* AppDelegate.m */,
				C4C7A0201EF0D8BE0071AE10 /* ViewController.h */,
				C4C7A0211EF0D8BE0071AE10 /* ViewController.m */,
				C4C7A0231EF0D8BE0071AE10 /* Main.storyboard */,
				C4C7A0261EF0D8BE0071AE10 /* Assets.xcassets */,
				C4C7A0281EF0D8BE0071AE10 /* LaunchScreen.storyboard */,
				C4C7A02B1EF0D8BE0071AE10 /* Info.plist */,
				C4C7A01A1EF0D8BE0071AE10 /* Supporting Files */,
			);
			path = "自定义CollectionViewLayout";
			sourceTree = "<group>";
		};
		C4C7A01A1EF0D8BE0071AE10 /* Supporting Files */ = {
			isa = PBXGroup;
			children = (
				C4C7A01B1EF0D8BE0071AE10 /* main.m */,
			);
			name = "Supporting Files";
			sourceTree = "<group>";
		};
		C4C7A0331EF0D8BF0071AE10 /* 自定义CollectionViewLayoutTests */ = {
			isa = PBXGroup;
			children = (
				C4C7A0341EF0D8BF0071AE10 /* ___CollectionViewLayoutTests.m */,
				C4C7A0361EF0D8BF0071AE10 /* Info.plist */,
			);
			path = "自定义CollectionViewLayoutTests";
			sourceTree = "<group>";
		};
		C4C7A03E1EF0D8BF0071AE10 /* 自定义CollectionViewLayoutUITests */ = {
			isa = PBXGroup;
			children = (
				C4C7A03F1EF0D8BF0071AE10 /* ___CollectionViewLayoutUITests.m */,
				C4C7A0411EF0D8BF0071AE10 /* Info.plist */,
			);
			path = "自定义CollectionViewLayoutUITests";
			sourceTree = "<group>";
		};
/* End PBXGroup section */

/* Begin PBXNativeTarget section */
		C4C7A0161EF0D8BE0071AE10 /* 自定义CollectionViewLayout */ = {
			isa = PBXNativeTarget;
			buildConfigurationList = C4C7A0441EF0D8BF0071AE10 /* Build configuration list for PBXNativeTarget "自定义CollectionViewLayout" */;
			buildPhases = (
				C4C7A0131EF0D8BE0071AE10 /* Sources */,
				C4C7A0141EF0D8BE0071AE10 /* Frameworks */,
				C4C7A0151EF0D8BE0071AE10 /* Resources */,
			);
			buildRules = (
			);
			dependencies = (
			);
			name = "自定义CollectionViewLayout";
			productName = "自定义CollectionViewLayout";
			productReference = C4C7A0171EF0D8BE0071AE10 /* 自定义CollectionViewLayout.app */;
			productType = "com.apple.product-type.application";
		};
		C4C7A02F1EF0D8BF0071AE10 /* 自定义CollectionViewLayoutTests */ = {
			isa = PBXNativeTarget;
			buildConfigurationList = C4C7A0471EF0D8BF0071AE10 /* Build configuration list for PBXNativeTarget "自定义CollectionViewLayoutTests" */;
			buildPhases = (
				C4C7A02C1EF0D8BF0071AE10 /* Sources */,
				C4C7A02D1EF0D8BF0071AE10 /* Frameworks */,
				C4C7A02E1EF0D8BF0071AE10 /* Resources */,
			);
			buildRules = (
			);
			dependencies = (
				C4C7A0321EF0D8BF0071AE10 /* PBXTargetDependency */,
			);
			name = "自定义CollectionViewLayoutTests";
			productName = "自定义CollectionViewLayoutTests";
			productReference = C4C7A0301EF0D8BF0071AE10 /* 自定义CollectionViewLayoutTests.xctest */;
			productType = "com.apple.product-type.bundle.unit-test";
		};
		C4C7A03A1EF0D8BF0071AE10 /* 自定义CollectionViewLayoutUITests */ = {
			isa = PBXNativeTarget;
			buildConfigurationList = C4C7A04A1EF0D8BF0071AE10 /* Build configuration list for PBXNativeTarget "自定义CollectionViewLayoutUITests" */;
			buildPhases = (
				C4C7A0371EF0D8BF0071AE10 /* Sources */,
				C4C7A0381EF0D8BF0071AE10 /* Frameworks */,
				C4C7A0391EF0D8BF0071AE10 /* Resources */,
			);
			buildRules = (
			);
			dependencies = (
				C4C7A03D1EF0D8BF0071AE10 /* PBXTargetDependency */,
			);
			name = "自定义CollectionViewLayoutUITests";
			productName = "自定义CollectionViewLayoutUITests";
			productReference = C4C7A03B1EF0D8BF0071AE10 /* 自定义CollectionViewLayoutUITests.xctest */;
			productType = "com.apple.product-type.bundle.ui-testing";
		};
/* End PBXNativeTarget section */

/* Begin PBXProject section */
		C4C7A00F1EF0D8BE0071AE10 /* Project object */ = {
			isa = PBXProject;
			attributes = {
				LastUpgradeCheck = 0830;
				ORGANIZATIONNAME = "辛忠志";
				TargetAttributes = {
					C4C7A0161EF0D8BE0071AE10 = {
						CreatedOnToolsVersion = 8.3.3;
						ProvisioningStyle = Automatic;
					};
					C4C7A02F1EF0D8BF0071AE10 = {
						CreatedOnToolsVersion = 8.3.3;
						ProvisioningStyle = Automatic;
						TestTargetID = C4C7A0161EF0D8BE0071AE10;
					};
					C4C7A03A1EF0D8BF0071AE10 = {
						CreatedOnToolsVersion = 8.3.3;
						ProvisioningStyle = Automatic;
						TestTargetID = C4C7A0161EF0D8BE0071AE10;
					};
				};
			};
			buildConfigurationList = C4C7A0121EF0D8BE0071AE10 /* Build configuration list for PBXProject "自定义CollectionViewLayout" */;
			compatibilityVersion = "Xcode 3.2";
			developmentRegion = English;
			hasScannedForEncodings = 0;
			knownRegions = (
				en,
				Base,
			);
			mainGroup = C4C7A00E1EF0D8BE0071AE10;
			productRefGroup = C4C7A0181EF0D8BE0071AE10 /* Products */;
			projectDirPath = "";
			projectRoot = "";
			targets = (
				C4C7A0161EF0D8BE0071AE10 /* 自定义CollectionViewLayout */,
				C4C7A02F1EF0D8BF0071AE10 /* 自定义CollectionViewLayoutTests */,
				C4C7A03A1EF0D8BF0071AE10 /* 自定义CollectionViewLayoutUITests */,
			);
		};
/* End PBXProject section */

/* Begin PBXResourcesBuildPhase section */
		C4C7A0151EF0D8BE0071AE10 /* Resources */ = {
			isa = PBXResourcesBuildPhase;
			buildActionMask = 2147483647;
			files = (
				C4C7A02A1EF0D8BE0071AE10 /* LaunchScreen.storyboard in Resources */,
				C4C7A0271EF0D8BE0071AE10 /* Assets.xcassets in Resources */,
				C4C7A0251EF0D8BE0071AE10 /* Main.storyboard in Resources */,
			);
			runOnlyForDeploymentPostprocessing = 0;
		};
		C4C7A02E1EF0D8BF0071AE10 /* Resources */ = {
			isa = PBXResourcesBuildPhase;
			buildActionMask = 2147483647;
			files = (
			);
			runOnlyForDeploymentPostprocessing = 0;
		};
		C4C7A0391EF0D8BF0071AE10 /* Resources */ = {
			isa = PBXResourcesBuildPhase;
			buildActionMask = 2147483647;
			files = (
			);
			runOnlyForDeploymentPostprocessing = 0;
		};
/* End PBXResourcesBuildPhase section */

/* Begin PBXSourcesBuildPhase section */
		C4C7A0131EF0D8BE0071AE10 /* Sources */ = {
			isa = PBXSourcesBuildPhase;
			buildActionMask = 2147483647;
			files = (
				C4C7A0221EF0D8BE0071AE10 /* ViewController.m in Sources */,
				C4C7A01F1EF0D8BE0071AE10 /* AppDelegate.m in Sources */,
				C4C7A01C1EF0D8BE0071AE10 /* main.m in Sources */,
			);
			runOnlyForDeploymentPostprocessing = 0;
		};
		C4C7A02C1EF0D8BF0071AE10 /* Sources */ = {
			isa = PBXSourcesBuildPhase;
			buildActionMask = 2147483647;
			files = (
				C4C7A0351EF0D8BF0071AE10 /* ___CollectionViewLayoutTests.m in Sources */,
			);
			runOnlyForDeploymentPostprocessing = 0;
		};
		C4C7A0371EF0D8BF0071AE10 /* Sources */ = {
			isa = PBXSourcesBuildPhase;
			buildActionMask = 2147483647;
			files = (
				C4C7A0401EF0D8BF0071AE10 /* ___CollectionViewLayoutUITests.m in Sources */,
			);
			runOnlyForDeploymentPostprocessing = 0;
		};
/* End PBXSourcesBuildPhase section */

/* Begin PBXTargetDependency section */
		C4C7A0321EF0D8BF0071AE10 /* PBXTargetDependency */ = {
			isa = PBXTargetDependency;
			target = C4C7A0161EF0D8BE0071AE10 /* 自定义CollectionViewLayout */;
			targetProxy = C4C7A0311EF0D8BF0071AE10 /* PBXContainerItemProxy */;
		};
		C4C7A03D1EF0D8BF0071AE10 /* PBXTargetDependency */ = {
			isa = PBXTargetDependency;
			target = C4C7A0161EF0D8BE0071AE10 /* 自定义CollectionViewLayout */;
			targetProxy = C4C7A03C1EF0D8BF0071AE10 /* PBXContainerItemProxy */;
		};
/* End PBXTargetDependency section */

/* Begin PBXVariantGroup section */
		C4C7A0231EF0D8BE0071AE10 /* Main.storyboard */ = {
			isa = PBXVariantGroup;
			children = (
				C4C7A0241EF0D8BE0071AE10 /* Base */,
			);
			name = Main.storyboard;
			sourceTree = "<group>";
		};
		C4C7A0281EF0D8BE0071AE10 /* LaunchScreen.storyboard */ = {
			isa = PBXVariantGroup;
			children = (
				C4C7A0291EF0D8BE0071AE10 /* Base */,
			);
			name = LaunchScreen.storyboard;
			sourceTree = "<group>";
		};
/* End PBXVariantGroup section */

/* Begin XCBuildConfiguration section */
		C4C7A0421EF0D8BF0071AE10 /* Debug */ = {
			isa = XCBuildConfiguration;
			buildSettings = {
				ALWAYS_SEARCH_USER_PATHS = NO;
				CLANG_ANALYZER_NONNULL = YES;
				CLANG_ANALYZER_NUMBER_OBJECT_CONVERSION = YES_AGGRESSIVE;
				CLANG_CXX_LANGUAGE_STANDARD = "gnu++0x";
				CLANG_CXX_LIBRARY = "libc++";
				CLANG_ENABLE_MODULES = YES;
				CLANG_ENABLE_OBJC_ARC = YES;
				CLANG_WARN_BOOL_CONVERSION = YES;
				CLANG_WARN_CONSTANT_CONVERSION = YES;
				CLANG_WARN_DIRECT_OBJC_ISA_USAGE = YES_ERROR;
				CLANG_WARN_DOCUMENTATION_COMMENTS = YES;
				CLANG_WARN_EMPTY_BODY = YES;
				CLANG_WARN_ENUM_CONVERSION = YES;
				CLANG_WARN_INFINITE_RECURSION = YES;
				CLANG_WARN_INT_CONVERSION = YES;
				CLANG_WARN_OBJC_ROOT_CLASS = YES_ERROR;
				CLANG_WARN_SUSPICIOUS_MOVE = YES;
				CLANG_WARN_UNREACHABLE_CODE = YES;
				CLANG_WARN__DUPLICATE_METHOD_MATCH = YES;
				"CODE_SIGN_IDENTITY[sdk=iphoneos*]" = "iPhone Developer";
				COPY_PHASE_STRIP = NO;
				DEBUG_INFORMATION_FORMAT = dwarf;
				ENABLE_STRICT_OBJC_MSGSEND = YES;
				ENABLE_TESTABILITY = YES;
				GCC_C_LANGUAGE_STANDARD = gnu99;
				GCC_DYNAMIC_NO_PIC = NO;
				GCC_NO_COMMON_BLOCKS = YES;
				GCC_OPTIMIZATION_LEVEL = 0;
				GCC_PREPROCESSOR_DEFINITIONS = (
					"DEBUG=1",
					"$(inherited)",
				);
				GCC_WARN_64_TO_32_BIT_CONVERSION = YES;
				GCC_WARN_ABOUT_RETURN_TYPE = YES_ERROR;
				GCC_WARN_UNDECLARED_SELECTOR = YES;
				GCC_WARN_UNINITIALIZED_AUTOS = YES_AGGRESSIVE;
				GCC_WARN_UNUSED_FUNCTION = YES;
				GCC_WARN_UNUSED_VARIABLE = YES;
				IPHONEOS_DEPLOYMENT_TARGET = 10.3;
				MTL_ENABLE_DEBUG_INFO = YES;
				ONLY_ACTIVE_ARCH = YES;
				SDKROOT = iphoneos;
				TARGETED_DEVICE_FAMILY = "1,2";
			};
			name = Debug;
		};
		C4C7A0431EF0D8BF0071AE10 /* Release */ = {
			isa = XCBuildConfiguration;
			buildSettings = {
				ALWAYS_SEARCH_USER_PATHS = NO;
				CLANG_ANALYZER_NONNULL = YES;
				CLANG_ANALYZER_NUMBER_OBJECT_CONVERSION = YES_AGGRESSIVE;
				CLANG_CXX_LANGUAGE_STANDARD = "gnu++0x";
				CLANG_CXX_LIBRARY = "libc++";
				CLANG_ENABLE_MODULES = YES;
				CLANG_ENABLE_OBJC_ARC = YES;
				CLANG_WARN_BOOL_CONVERSION = YES;
				CLANG_WARN_CONSTANT_CONVERSION = YES;
				CLANG_WARN_DIRECT_OBJC_ISA_USAGE = YES_ERROR;
				CLANG_WARN_DOCUMENTATION_COMMENTS = YES;
				CLANG_WARN_EMPTY_BODY = YES;
				CLANG_WARN_ENUM_CONVERSION = YES;
				CLANG_WARN_INFINITE_RECURSION = YES;
				CLANG_WARN_INT_CONVERSION = YES;
				CLANG_WARN_OBJC_ROOT_CLASS = YES_ERROR;
				CLANG_WARN_SUSPICIOUS_MOVE = YES;
				CLANG_WARN_UNREACHABLE_CODE = YES;
				CLANG_WARN__DUPLICATE_METHOD_MATCH = YES;
				"CODE_SIGN_IDENTITY[sdk=iphoneos*]" = "iPhone Developer";
				COPY_PHASE_STRIP = NO;
				DEBUG_INFORMATION_FORMAT = "dwarf-with-dsym";
				ENABLE_NS_ASSERTIONS = NO;
				ENABLE_STRICT_OBJC_MSGSEND = YES;
				GCC_C_LANGUAGE_STANDARD = gnu99;
				GCC_NO_COMMON_BLOCKS = YES;
				GCC_WARN_64_TO_32_BIT_CONVERSION = YES;
				GCC_WARN_ABOUT_RETURN_TYPE = YES_ERROR;
				GCC_WARN_UNDECLARED_SELECTOR = YES;
				GCC_WARN_UNINITIALIZED_AUTOS = YES_AGGRESSIVE;
				GCC_WARN_UNUSED_FUNCTION = YES;
				GCC_WARN_UNUSED_VARIABLE = YES;
				IPHONEOS_DEPLOYMENT_TARGET = 10.3;
				MTL_ENABLE_DEBUG_INFO = NO;
				SDKROOT = iphoneos;
				TARGETED_DEVICE_FAMILY = "1,2";
				VALIDATE_PRODUCT = YES;
			};
			name = Release;
		};
		C4C7A0451EF0D8BF0071AE10 /* Debug */ = {
			isa = XCBuildConfiguration;
			buildSettings = {
				ASSETCATALOG_COMPILER_APPICON_NAME = AppIcon;
				INFOPLIST_FILE = "自定义CollectionViewLayout/Info.plist";
				LD_RUNPATH_SEARCH_PATHS = "$(inherited) @executable_path/Frameworks";
				PRODUCT_BUNDLE_IDENTIFIER = "---.---CollectionViewLayout";
				PRODUCT_NAME = "$(TARGET_NAME)";
			};
			name = Debug;
		};
		C4C7A0461EF0D8BF0071AE10 /* Release */ = {
			isa = XCBuildConfiguration;
			buildSettings = {
				ASSETCATALOG_COMPILER_APPICON_NAME = AppIcon;
				INFOPLIST_FILE = "自定义CollectionViewLayout/Info.plist";
				LD_RUNPATH_SEARCH_PATHS = "$(inherited) @executable_path/Frameworks";
				PRODUCT_BUNDLE_IDENTIFIER = "---.---CollectionViewLayout";
				PRODUCT_NAME = "$(TARGET_NAME)";
			};
			name = Release;
		};
		C4C7A0481EF0D8BF0071AE10 /* Debug */ = {
			isa = XCBuildConfiguration;
			buildSettings = {
				BUNDLE_LOADER = "$(TEST_HOST)";
				INFOPLIST_FILE = "自定义CollectionViewLayoutTests/Info.plist";
				LD_RUNPATH_SEARCH_PATHS = "$(inherited) @executable_path/Frameworks @loader_path/Frameworks";
				PRODUCT_BUNDLE_IDENTIFIER = "---.---CollectionViewLayoutTests";
				PRODUCT_NAME = "$(TARGET_NAME)";
				TEST_HOST = "$(BUILT_PRODUCTS_DIR)/自定义CollectionViewLayout.app/自定义CollectionViewLayout";
			};
			name = Debug;
		};
		C4C7A0491EF0D8BF0071AE10 /* Release */ = {
			isa = XCBuildConfiguration;
			buildSettings = {
				BUNDLE_LOADER = "$(TEST_HOST)";
				INFOPLIST_FILE = "自定义CollectionViewLayoutTests/Info.plist";
				LD_RUNPATH_SEARCH_PATHS = "$(inherited) @executable_path/Frameworks @loader_path/Frameworks";
				PRODUCT_BUNDLE_IDENTIFIER = "---.---CollectionViewLayoutTests";
				PRODUCT_NAME = "$(TARGET_NAME)";
				TEST_HOST = "$(BUILT_PRODUCTS_DIR)/自定义CollectionViewLayout.app/自定义CollectionViewLayout";
			};
			name = Release;
		};
		C4C7A04B1EF0D8BF0071AE10 /* Debug */ = {
			isa = XCBuildConfiguration;
			buildSettings = {
				INFOPLIST_FILE = "自定义CollectionViewLayoutUITests/Info.plist";
				LD_RUNPATH_SEARCH_PATHS = "$(inherited) @executable_path/Frameworks @loader_path/Frameworks";
				PRODUCT_BUNDLE_IDENTIFIER = "---.---CollectionViewLayoutUITests";
				PRODUCT_NAME = "$(TARGET_NAME)";
				TEST_TARGET_NAME = "自定义CollectionViewLayout";
			};
			name = Debug;
		};
		C4C7A04C1EF0D8BF0071AE10 /* Release */ = {
			isa = XCBuildConfiguration;
			buildSettings = {
				INFOPLIST_FILE = "自定义CollectionViewLayoutUITests/Info.plist";
				LD_RUNPATH_SEARCH_PATHS = "$(inherited) @executable_path/Frameworks @loader_path/Frameworks";
				PRODUCT_BUNDLE_IDENTIFIER = "---.---CollectionViewLayoutUITests";
				PRODUCT_NAME = "$(TARGET_NAME)";
				TEST_TARGET_NAME = "自定义CollectionViewLayout";
			};
			name = Release;
		};
/* End XCBuildConfiguration section */

/* Begin XCConfigurationList section */
		C4C7A0121EF0D8BE0071AE10 /* Build configuration list for PBXProject "自定义CollectionViewLayout" */ = {
			isa = XCConfigurationList;
			buildConfigurations = (
				C4C7A0421EF0D8BF0071AE10 /* Debug */,
				C4C7A0431EF0D8BF0071AE10 /* Release */,
			);
			defaultConfigurationIsVisible = 0;
			defaultConfigurationName = Release;
		};
		C4C7A0441EF0D8BF0071AE10 /* Build configuration list for PBXNativeTarget "自定义CollectionViewLayout" */ = {
			isa = XCConfigurationList;
			buildConfigurations = (
				C4C7A0451EF0D8BF0071AE10 /* Debug */,
				C4C7A0461EF0D8BF0071AE10 /* Release */,
			);
			defaultConfigurationIsVisible = 0;
		};
		C4C7A0471EF0D8BF0071AE10 /* Build configuration list for PBXNativeTarget "自定义CollectionViewLayoutTests" */ = {
			isa = XCConfigurationList;
			buildConfigurations = (
				C4C7A0481EF0D8BF0071AE10 /* Debug */,
				C4C7A0491EF0D8BF0071AE10 /* Release */,
			);
			defaultConfigurationIsVisible = 0;
		};
		C4C7A04A1EF0D8BF0071AE10 /* Build configuration list for PBXNativeTarget "自定义CollectionViewLayoutUITests" */ = {
			isa = XCConfigurationList;
			buildConfigurations = (
				C4C7A04B1EF0D8BF0071AE10 /* Debug */,
				C4C7A04C1EF0D8BF0071AE10 /* Release */,
			);
			defaultConfigurationIsVisible = 0;
		};
/* End XCConfigurationList section */
	};
	rootObject = C4C7A00F1EF0D8BE0071AE10 /* Project object */;
}
